
Microsoft Visual Studio Solution File, Format Version 12.00
# Visual Studio Version 17
VisualStudioVersion = 17.14.37216.2 d17.14
MinimumVisualStudioVersion = 10.0.40219.1
Project("{FAE04EC0-301F-11D3-BF4B-00C04F79EFBC}") = "IlkaPoint", "IlkaPoint.csproj", "{C2811A72-F660-4115-A0B3-0188ECBDF531}"
EndProject
Global
	GlobalSection(SolutionConfigurationPlatforms) = preSolution
		Debug|Any CPU = Debug|Any CPU
		Release|Any CPU = Release|Any CPU
	EndGlobalSection
	GlobalSection(ProjectConfigurationPlatforms) = postSolution
		{C2811A72-F660-4115-A0B3-0188ECBDF531}.Debug|Any CPU.ActiveCfg = Debug|Any CPU
		{C2811A72-F660-4115-A0B3-0188ECBDF531}.Debug|Any CPU.Build.0 = Debug|Any CPU
		{C2811A72-F660-4115-A0B3-0188ECBDF531}.Release|Any CPU.ActiveCfg = Release|Any CPU
		{C2811A72-F660-4115-A0B3-0188ECBDF531}.Release|Any CPU.Build.0 = Release|Any CPU
	EndGlobalSection
	GlobalSection(SolutionProperties) = preSolution
		HideSolutionNode = FALSE
	EndGlobalSection
	GlobalSection(ExtensibilityGlobals) = postSolution
		SolutionGuid = {0561FDE3-8EC9-4B71-AA93-D45DAA907019}
	EndGlobalSection
EndGlobal
